# This file was autogenerated by uv via the following command:
#    uv pip compile dev-requirements.in -o dev-requirements.lock
altgraph==0.17.4
    # via
    #   -r dev-requirements.in
    #   pyinstaller
git-cliff==2.8.0
    # via -r dev-requirements.in
packaging==24.2
    # via
    #   -r dev-requirements.in
    #   pyinstaller
    #   pyinstaller-hooks-contrib
pyinstaller==6.11.1
    # via -r dev-requirements.in
pyinstaller-hooks-contrib==2025.0
    # via
    #   -r dev-requirements.in
    #   pyinstaller
ruff==0.9.3
    # via -r dev-requirements.in
setuptools==75.8.0
    # via
    #   -r dev-requirements.in
    #   pyinstaller
    #   pyinstaller-hooks-contrib
